<Solution>
  <Folder Name="/cicd/" />
  <Folder Name="/src/" />
  <Folder Name="/src/Identity/">
    <Project Path="src/Identity/Rushea.Identity.API/Rushea.Identity.API.csproj" Id="550312eb-c1a8-4868-8a62-04115301a14c" />
    <Project Path="src/Identity/Rushea.Identity.UnitTests/Rushea.Identity.UnitTests.csproj" Id="79c1294d-6cf7-4f46-baf6-d4282016d990" />
  </Folder>
</Solution>
